
Microsoft Visual Studio Solution File, Format Version 12.00
# Visual Studio Version 17
VisualStudioVersion = 17.0.31903.59
MinimumVisualStudioVersion = 10.0.40219.1
Project("{2150E333-8FDC-42A3-9474-1A3956D46DE8}") = "apps", "apps", "{00172130-52A7-4DBA-9F4E-5361DE868BCD}"
EndProject
Project("{2150E333-8FDC-42A3-9474-1A3956D46DE8}") = "playnite-web-plugin", "playnite-web-plugin", "{579FD8D9-5E3F-4385-AA2B-0C94920B94BF}"
EndProject
Project("{2150E333-8FDC-42A3-9474-1A3956D46DE8}") = "src", "src", "{2F45A914-AE3B-4391-B023-EC8BCFCB36F4}"
EndProject
Project("{FAE04EC0-301F-11D3-BF4B-00C04F79EFBC}") = "Playnite-Web-Extension", "apps\playnite-web-extension\src\Playnite-Web-Extension.csproj", "{11E4F3D4-D252-4B55-8E3F-9A70192E3D74}"
EndProject
Global
	GlobalSection(SolutionConfigurationPlatforms) = preSolution
		Debug|Any CPU = Debug|Any CPU
		Release|Any CPU = Release|Any CPU
	EndGlobalSection
	GlobalSection(ProjectConfigurationPlatforms) = postSolution
		{11E4F3D4-D252-4B55-8E3F-9A70192E3D74}.Debug|Any CPU.ActiveCfg = Debug|Any CPU
		{11E4F3D4-D252-4B55-8E3F-9A70192E3D74}.Debug|Any CPU.Build.0 = Debug|Any CPU
		{11E4F3D4-D252-4B55-8E3F-9A70192E3D74}.Release|Any CPU.ActiveCfg = Release|Any CPU
		{11E4F3D4-D252-4B55-8E3F-9A70192E3D74}.Release|Any CPU.Build.0 = Release|Any CPU
	EndGlobalSection
	GlobalSection(SolutionProperties) = preSolution
		HideSolutionNode = FALSE
	EndGlobalSection
	GlobalSection(NestedProjects) = preSolution
		{579FD8D9-5E3F-4385-AA2B-0C94920B94BF} = {00172130-52A7-4DBA-9F4E-5361DE868BCD}
		{11E4F3D4-D252-4B55-8E3F-9A70192E3D74} = {2F45A914-AE3B-4391-B023-EC8BCFCB36F4}
		{2F45A914-AE3B-4391-B023-EC8BCFCB36F4} = {579FD8D9-5E3F-4385-AA2B-0C94920B94BF}
	EndGlobalSection
EndGlobal
